
Microsoft Visual Studio Solution File, Format Version 12.00
# Visual Studio Version 17
VisualStudioVersion = 17.1.32421.90
MinimumVisualStudioVersion = 10.0.40219.1
Project("{FAE04EC0-301F-11D3-BF4B-00C04F79EFBC}") = "Auth-JWT", "Auth-JWT.csproj", "{F8982615-DEAF-43E2-8A4E-85833BC8E2D7}"
EndProject
Global
	GlobalSection(SolutionConfigurationPlatforms) = preSolution
		Debug|Any CPU = Debug|Any CPU
		Release|Any CPU = Release|Any CPU
	EndGlobalSection
	GlobalSection(ProjectConfigurationPlatforms) = postSolution
		{F8982615-DEAF-43E2-8A4E-85833BC8E2D7}.Debug|Any CPU.ActiveCfg = Debug|Any CPU
		{F8982615-DEAF-43E2-8A4E-85833BC8E2D7}.Debug|Any CPU.Build.0 = Debug|Any CPU
		{F8982615-DEAF-43E2-8A4E-85833BC8E2D7}.Release|Any CPU.ActiveCfg = Release|Any CPU
		{F8982615-DEAF-43E2-8A4E-85833BC8E2D7}.Release|Any CPU.Build.0 = Release|Any CPU
	EndGlobalSection
	GlobalSection(SolutionProperties) = preSolution
		HideSolutionNode = FALSE
	EndGlobalSection
	GlobalSection(ExtensibilityGlobals) = postSolution
		SolutionGuid = {B16B624F-8429-40B7-9A03-EEEAC7667DAA}
	EndGlobalSection
EndGlobal
